
Microsoft Visual Studio Solution File, Format Version 12.00
# Visual Studio Version 16
VisualStudioVersion = 16.0.28922.388
MinimumVisualStudioVersion = 10.0.40219.1
Project("{FAE04EC0-301F-11D3-BF4B-00C04F79EFBC}") = "HT2", "HT2\HT2.csproj", "{BE8E620F-4839-4D91-ABFC-9CD4950FAD4A}"
EndProject
Global
	GlobalSection(SolutionConfigurationPlatforms) = preSolution
		Debug|Any CPU = Debug|Any CPU
		Release|Any CPU = Release|Any CPU
	EndGlobalSection
	GlobalSection(ProjectConfigurationPlatforms) = postSolution
		{BE8E620F-4839-4D91-ABFC-9CD4950FAD4A}.Debug|Any CPU.ActiveCfg = Debug|Any CPU
		{BE8E620F-4839-4D91-ABFC-9CD4950FAD4A}.Debug|Any CPU.Build.0 = Debug|Any CPU
		{BE8E620F-4839-4D91-ABFC-9CD4950FAD4A}.Release|Any CPU.ActiveCfg = Release|Any CPU
		{BE8E620F-4839-4D91-ABFC-9CD4950FAD4A}.Release|Any CPU.Build.0 = Release|Any CPU
	EndGlobalSection
	GlobalSection(SolutionProperties) = preSolution
		HideSolutionNode = FALSE
	EndGlobalSection
	GlobalSection(ExtensibilityGlobals) = postSolution
		SolutionGuid = {A62E3337-DDAB-471F-983F-C50C9F9734AB}
	EndGlobalSection
EndGlobal
